// !$*UTF8*$!
{
	archiveVersion = 1;
	classes = {
	};
	objectVersion = 46;
	objects = {

/* Begin PBXBuildFile section */
		188554E11BA79A7400E70DF9 /* main.m in Sources */ = {isa = PBXBuildFile; fileRef = 188554E01BA79A7400E70DF9 /* main.m */; };
		188554E41BA79A7400E70DF9 /* AppDelegate.m in Sources */ = {isa = PBXBuildFile; fileRef = 188554E31BA79A7400E70DF9 /* AppDelegate.m */; };
		188554E71BA79A7400E70DF9 /* ViewController.m in Sources */ = {isa = PBXBuildFile; fileRef = 188554E61BA79A7400E70DF9 /* ViewController.m */; };
		188554EA1BA79A7400E70DF9 /* Main.storyboard in Resources */ = {isa = PBXBuildFile; fileRef = 188554E81BA79A7400E70DF9 /* Main.storyboard */; };
		188554EC1BA79A7400E70DF9 /* Images.xcassets in Resources */ = {isa = PBXBuildFile; fileRef = 188554EB1BA79A7400E70DF9 /* Images.xcassets */; };
		188554EF1BA79A7400E70DF9 /* LaunchScreen.xib in Resources */ = {isa = PBXBuildFile; fileRef = 188554ED1BA79A7400E70DF9 /* LaunchScreen.xib */; };
		188554FB1BA79A7400E70DF9 /* day03_ui_loginCode2Tests.m in Sources */ = {isa = PBXBuildFile; fileRef = 188554FA1BA79A7400E70DF9 /* day03_ui_loginCode2Tests.m */; };
/* End PBXBuildFile section */

/* Begin PBXContainerItemProxy section */
		188554F51BA79A7400E70DF9 /* PBXContainerItemProxy */ = {
			isa = PBXContainerItemProxy;
			containerPortal = 188554D31BA79A7400E70DF9 /* Project object */;
			proxyType = 1;
			remoteGlobalIDString = 188554DA1BA79A7400E70DF9;
			remoteInfo = "day03-ui-loginCode2";
		};
/* End PBXContainerItemProxy section */

/* Begin PBXFileReference section */
		188554DB1BA79A7400E70DF9 /* day03-ui-loginCode2.app */ = {isa = PBXFileReference; explicitFileType = wrapper.application; includeInIndex = 0; path = "day03-ui-loginCode2.app"; sourceTree = BUILT_PRODUCTS_DIR; };
		188554DF1BA79A7400E70DF9 /* Info.plist */ = {isa = PBXFileReference; lastKnownFileType = text.plist.xml; path = Info.plist; sourceTree = "<group>"; };
		188554E01BA79A7400E70DF9 /* main.m */ = {isa = PBXFileReference; lastKnownFileType = sourcecode.c.objc; path = main.m; sourceTree = "<group>"; };
		188554E21BA79A7400E70DF9 /* AppDelegate.h */ = {isa = PBXFileReference; lastKnownFileType = sourcecode.c.h; path = AppDelegate.h; sourceTree = "<group>"; };
		188554E31BA79A7400E70DF9 /* AppDelegate.m */ = {isa = PBXFileReference; lastKnownFileType = sourcecode.c.objc; path = AppDelegate.m; sourceTree = "<group>"; };
		188554E51BA79A7400E70DF9 /* ViewController.h */ = {isa = PBXFileReference; lastKnownFileType = sourcecode.c.h; path = ViewController.h; sourceTree = "<group>"; };
		188554E61BA79A7400E70DF9 /* ViewController.m */ = {isa = PBXFileReference; lastKnownFileType = sourcecode.c.objc; path = ViewController.m; sourceTree = "<group>"; };
		188554E91BA79A7400E70DF9 /* Base */ = {isa = PBXFileReference; lastKnownFileType = file.storyboard; name = Base; path = Base.lproj/Main.storyboard; sourceTree = "<group>"; };
		188554EB1BA79A7400E70DF9 /* Images.xcassets */ = {isa = PBXFileReference; lastKnownFileType = folder.assetcatalog; path = Images.xcassets; sourceTree = "<group>"; };
		188554EE1BA79A7400E70DF9 /* Base */ = {isa = PBXFileReference; lastKnownFileType = file.xib; name = Base; path = Base.lproj/LaunchScreen.xib; sourceTree = "<group>"; };
		188554F41BA79A7400E70DF9 /* day03-ui-loginCode2Tests.xctest */ = {isa = PBXFileReference; explicitFileType = wrapper.cfbundle; includeInIndex = 0; path = "day03-ui-loginCode2Tests.xctest"; sourceTree = BUILT_PRODUCTS_DIR; };
		188554F91BA79A7400E70DF9 /* Info.plist */ = {isa = PBXFileReference; lastKnownFileType = text.plist.xml; path = Info.plist; sourceTree = "<group>"; };
		188554FA1BA79A7400E70DF9 /* day03_ui_loginCode2Tests.m */ = {isa = PBXFileReference; lastKnownFileType = sourcecode.c.objc; path = day03_ui_loginCode2Tests.m; sourceTree = "<group>"; };
/* End PBXFileReference section */

/* Begin PBXFrameworksBuildPhase section */
		188554D81BA79A7400E70DF9 /* Frameworks */ = {
			isa = PBXFrameworksBuildPhase;
			buildActionMask = 2147483647;
			files = (
			);
			runOnlyForDeploymentPostprocessing = 0;
		};
		188554F11BA79A7400E70DF9 /* Frameworks */ = {
			isa = PBXFrameworksBuildPhase;
			buildActionMask = 2147483647;
			files = (
			);
			runOnlyForDeploymentPostprocessing = 0;
		};
/* End PBXFrameworksBuildPhase section */

/* Begin PBXGroup section */
		188554D21BA79A7400E70DF9 = {
			isa = PBXGroup;
			children = (
				188554DD1BA79A7400E70DF9 /* day03-ui-loginCode2 */,
				188554F71BA79A7400E70DF9 /* day03-ui-loginCode2Tests */,
				188554DC1BA79A7400E70DF9 /* Products */,
			);
			sourceTree = "<group>";
		};
		188554DC1BA79A7400E70DF9 /* Products */ = {
			isa = PBXGroup;
			children = (
				188554DB1BA79A7400E70DF9 /* day03-ui-loginCode2.app */,
				188554F41BA79A7400E70DF9 /* day03-ui-loginCode2Tests.xctest */,
			);
			name = Products;
			sourceTree = "<group>";
		};
		188554DD1BA79A7400E70DF9 /* day03-ui-loginCode2 */ = {
			isa = PBXGroup;
			children = (
				188554E21BA79A7400E70DF9 /* AppDelegate.h */,
				188554E31BA79A7400E70DF9 /* AppDelegate.m */,
				188554E51BA79A7400E70DF9 /* ViewController.h */,
				188554E61BA79A7400E70DF9 /* ViewController.m */,
				188554E81BA79A7400E70DF9 /* Main.storyboard */,
				188554EB1BA79A7400E70DF9 /* Images.xcassets */,
				188554ED1BA79A7400E70DF9 /* LaunchScreen.xib */,
				188554DE1BA79A7400E70DF9 /* Supporting Files */,
			);
			path = "day03-ui-loginCode2";
			sourceTree = "<group>";
		};
		188554DE1BA79A7400E70DF9 /* Supporting Files */ = {
			isa = PBXGroup;
			children = (
				188554DF1BA79A7400E70DF9 /* Info.plist */,
				188554E01BA79A7400E70DF9 /* main.m */,
			);
			name = "Supporting Files";
			sourceTree = "<group>";
		};
		188554F71BA79A7400E70DF9 /* day03-ui-loginCode2Tests */ = {
			isa = PBXGroup;
			children = (
				188554FA1BA79A7400E70DF9 /* day03_ui_loginCode2Tests.m */,
				188554F81BA79A7400E70DF9 /* Supporting Files */,
			);
			path = "day03-ui-loginCode2Tests";
			sourceTree = "<group>";
		};
		188554F81BA79A7400E70DF9 /* Supporting Files */ = {
			isa = PBXGroup;
			children = (
				188554F91BA79A7400E70DF9 /* Info.plist */,
			);
			name = "Supporting Files";
			sourceTree = "<group>";
		};
/* End PBXGroup section */

/* Begin PBXNativeTarget section */
		188554DA1BA79A7400E70DF9 /* day03-ui-loginCode2 */ = {
			isa = PBXNativeTarget;
			buildConfigurationList = 188554FE1BA79A7400E70DF9 /* Build configuration list for PBXNativeTarget "day03-ui-loginCode2" */;
			buildPhases = (
				188554D71BA79A7400E70DF9 /* Sources */,
				188554D81BA79A7400E70DF9 /* Frameworks */,
				188554D91BA79A7400E70DF9 /* Resources */,
			);
			buildRules = (
			);
			dependencies = (
			);
			name = "day03-ui-loginCode2";
			productName = "day03-ui-loginCode2";
			productReference = 188554DB1BA79A7400E70DF9 /* day03-ui-loginCode2.app */;
			productType = "com.apple.product-type.application";
		};
		188554F31BA79A7400E70DF9 /* day03-ui-loginCode2Tests */ = {
			isa = PBXNativeTarget;
			buildConfigurationList = 188555011BA79A7400E70DF9 /* Build configuration list for PBXNativeTarget "day03-ui-loginCode2Tests" */;
			buildPhases = (
				188554F01BA79A7400E70DF9 /* Sources */,
				188554F11BA79A7400E70DF9 /* Frameworks */,
				188554F21BA79A7400E70DF9 /* Resources */,
			);
			buildRules = (
			);
			dependencies = (
				188554F61BA79A7400E70DF9 /* PBXTargetDependency */,
			);
			name = "day03-ui-loginCode2Tests";
			productName = "day03-ui-loginCode2Tests";
			productReference = 188554F41BA79A7400E70DF9 /* day03-ui-loginCode2Tests.xctest */;
			productType = "com.apple.product-type.bundle.unit-test";
		};
/* End PBXNativeTarget section */

/* Begin PBXProject section */
		188554D31BA79A7400E70DF9 /* Project object */ = {
			isa = PBXProject;
			attributes = {
				LastUpgradeCheck = 0630;
				ORGANIZATIONNAME = itheima;
				TargetAttributes = {
					188554DA1BA79A7400E70DF9 = {
						CreatedOnToolsVersion = 6.3;
					};
					188554F31BA79A7400E70DF9 = {
						CreatedOnToolsVersion = 6.3;
						TestTargetID = 188554DA1BA79A7400E70DF9;
					};
				};
			};
			buildConfigurationList = 188554D61BA79A7400E70DF9 /* Build configuration list for PBXProject "day03-ui-loginCode2" */;
			compatibilityVersion = "Xcode 3.2";
			developmentRegion = English;
			hasScannedForEncodings = 0;
			knownRegions = (
				en,
				Base,
			);
			mainGroup = 188554D21BA79A7400E70DF9;
			productRefGroup = 188554DC1BA79A7400E70DF9 /* Products */;
			projectDirPath = "";
			projectRoot = "";
			targets = (
				188554DA1BA79A7400E70DF9 /* day03-ui-loginCode2 */,
				188554F31BA79A7400E70DF9 /* day03-ui-loginCode2Tests */,
			);
		};
/* End PBXProject section */

/* Begin PBXResourcesBuildPhase section */
		188554D91BA79A7400E70DF9 /* Resources */ = {
			isa = PBXResourcesBuildPhase;
			buildActionMask = 2147483647;
			files = (
				188554EA1BA79A7400E70DF9 /* Main.storyboard in Resources */,
				188554EF1BA79A7400E70DF9 /* LaunchScreen.xib in Resources */,
				188554EC1BA79A7400E70DF9 /* Images.xcassets in Resources */,
			);
			runOnlyForDeploymentPostprocessing = 0;
		};
		188554F21BA79A7400E70DF9 /* Resources */ = {
			isa = PBXResourcesBuildPhase;
			buildActionMask = 2147483647;
			files = (
			);
			runOnlyForDeploymentPostprocessing = 0;
		};
/* End PBXResourcesBuildPhase section */

/* Begin PBXSourcesBuildPhase section */
		188554D71BA79A7400E70DF9 /* Sources */ = {
			isa = PBXSourcesBuildPhase;
			buildActionMask = 2147483647;
			files = (
				188554E71BA79A7400E70DF9 /* ViewController.m in Sources */,
				188554E41BA79A7400E70DF9 /* AppDelegate.m in Sources */,
				188554E11BA79A7400E70DF9 /* main.m in Sources */,
			);
			runOnlyForDeploymentPostprocessing = 0;
		};
		188554F01BA79A7400E70DF9 /* Sources */ = {
			isa = PBXSourcesBuildPhase;
			buildActionMask = 2147483647;
			files = (
				188554FB1BA79A7400E70DF9 /* day03_ui_loginCode2Tests.m in Sources */,
			);
			runOnlyForDeploymentPostprocessing = 0;
		};
/* End PBXSourcesBuildPhase section */

/* Begin PBXTargetDependency section */
		188554F61BA79A7400E70DF9 /* PBXTargetDependency */ = {
			isa = PBXTargetDependency;
			target = 188554DA1BA79A7400E70DF9 /* day03-ui-loginCode2 */;
			targetProxy = 188554F51BA79A7400E70DF9 /* PBXContainerItemProxy */;
		};
/* End PBXTargetDependency section */

/* Begin PBXVariantGroup section */
		188554E81BA79A7400E70DF9 /* Main.storyboard */ = {
			isa = PBXVariantGroup;
			children = (
				188554E91BA79A7400E70DF9 /* Base */,
			);
			name = Main.storyboard;
			sourceTree = "<group>";
		};
		188554ED1BA79A7400E70DF9 /* LaunchScreen.xib */ = {
			isa = PBXVariantGroup;
			children = (
				188554EE1BA79A7400E70DF9 /* Base */,
			);
			name = LaunchScreen.xib;
			sourceTree = "<group>";
		};
/* End PBXVariantGroup section */

/* Begin XCBuildConfiguration section */
		188554FC1BA79A7400E70DF9 /* Debug */ = {
			isa = XCBuildConfiguration;
			buildSettings = {
				ALWAYS_SEARCH_USER_PATHS = NO;
				CLANG_CXX_LANGUAGE_STANDARD = "gnu++0x";
				CLANG_CXX_LIBRARY = "libc++";
				CLANG_ENABLE_MODULES = YES;
				CLANG_ENABLE_OBJC_ARC = YES;
				CLANG_WARN_BOOL_CONVERSION = YES;
				CLANG_WARN_CONSTANT_CONVERSION = YES;
				CLANG_WARN_DIRECT_OBJC_ISA_USAGE = YES_ERROR;
				CLANG_WARN_EMPTY_BODY = YES;
				CLANG_WARN_ENUM_CONVERSION = YES;
				CLANG_WARN_INT_CONVERSION = YES;
				CLANG_WARN_OBJC_ROOT_CLASS = YES_ERROR;
				CLANG_WARN_UNREACHABLE_CODE = YES;
				CLANG_WARN__DUPLICATE_METHOD_MATCH = YES;
				"CODE_SIGN_IDENTITY[sdk=iphoneos*]" = "iPhone Developer";
				COPY_PHASE_STRIP = NO;
				DEBUG_INFORMATION_FORMAT = "dwarf-with-dsym";
				ENABLE_STRICT_OBJC_MSGSEND = YES;
				GCC_C_LANGUAGE_STANDARD = gnu99;
				GCC_DYNAMIC_NO_PIC = NO;
				GCC_NO_COMMON_BLOCKS = YES;
				GCC_OPTIMIZATION_LEVEL = 0;
				GCC_PREPROCESSOR_DEFINITIONS = (
					"DEBUG=1",
					"$(inherited)",
				);
				GCC_SYMBOLS_PRIVATE_EXTERN = NO;
				GCC_WARN_64_TO_32_BIT_CONVERSION = YES;
				GCC_WARN_ABOUT_RETURN_TYPE = YES_ERROR;
				GCC_WARN_UNDECLARED_SELECTOR = YES;
				GCC_WARN_UNINITIALIZED_AUTOS = YES_AGGRESSIVE;
				GCC_WARN_UNUSED_FUNCTION = YES;
				GCC_WARN_UNUSED_VARIABLE = YES;
				IPHONEOS_DEPLOYMENT_TARGET = 8.3;
				MTL_ENABLE_DEBUG_INFO = YES;
				ONLY_ACTIVE_ARCH = YES;
				SDKROOT = iphoneos;
			};
			name = Debug;
		};
		188554FD1BA79A7400E70DF9 /* Release */ = {
			isa = XCBuildConfiguration;
			buildSettings = {
				ALWAYS_SEARCH_USER_PATHS = NO;
				CLANG_CXX_LANGUAGE_STANDARD = "gnu++0x";
				CLANG_CXX_LIBRARY = "libc++";
				CLANG_ENABLE_MODULES = YES;
				CLANG_ENABLE_OBJC_ARC = YES;
				CLANG_WARN_BOOL_CONVERSION = YES;
				CLANG_WARN_CONSTANT_CONVERSION = YES;
				CLANG_WARN_DIRECT_OBJC_ISA_USAGE = YES_ERROR;
				CLANG_WARN_EMPTY_BODY = YES;
				CLANG_WARN_ENUM_CONVERSION = YES;
				CLANG_WARN_INT_CONVERSION = YES;
				CLANG_WARN_OBJC_ROOT_CLASS = YES_ERROR;
				CLANG_WARN_UNREACHABLE_CODE = YES;
				CLANG_WARN__DUPLICATE_METHOD_MATCH = YES;
				"CODE_SIGN_IDENTITY[sdk=iphoneos*]" = "iPhone Developer";
				COPY_PHASE_STRIP = NO;
				DEBUG_INFORMATION_FORMAT = "dwarf-with-dsym";
				ENABLE_NS_ASSERTIONS = NO;
				ENABLE_STRICT_OBJC_MSGSEND = YES;
				GCC_C_LANGUAGE_STANDARD = gnu99;
				GCC_NO_COMMON_BLOCKS = YES;
				GCC_WARN_64_TO_32_BIT_CONVERSION = YES;
				GCC_WARN_ABOUT_RETURN_TYPE = YES_ERROR;
				GCC_WARN_UNDECLARED_SELECTOR = YES;
				GCC_WARN_UNINITIALIZED_AUTOS = YES_AGGRESSIVE;
				GCC_WARN_UNUSED_FUNCTION = YES;
				GCC_WARN_UNUSED_VARIABLE = YES;
				IPHONEOS_DEPLOYMENT_TARGET = 8.3;
				MTL_ENABLE_DEBUG_INFO = NO;
				SDKROOT = iphoneos;
				VALIDATE_PRODUCT = YES;
			};
			name = Release;
		};
		188554FF1BA79A7400E70DF9 /* Debug */ = {
			isa = XCBuildConfiguration;
			buildSettings = {
				ASSETCATALOG_COMPILER_APPICON_NAME = AppIcon;
				INFOPLIST_FILE = "day03-ui-loginCode2/Info.plist";
				LD_RUNPATH_SEARCH_PATHS = "$(inherited) @executable_path/Frameworks";
				PRODUCT_NAME = "$(TARGET_NAME)";
			};
			name = Debug;
		};
		188555001BA79A7400E70DF9 /* Release */ = {
			isa = XCBuildConfiguration;
			buildSettings = {
				ASSETCATALOG_COMPILER_APPICON_NAME = AppIcon;
				INFOPLIST_FILE = "day03-ui-loginCode2/Info.plist";
				LD_RUNPATH_SEARCH_PATHS = "$(inherited) @executable_path/Frameworks";
				PRODUCT_NAME = "$(TARGET_NAME)";
			};
			name = Release;
		};
		188555021BA79A7400E70DF9 /* Debug */ = {
			isa = XCBuildConfiguration;
			buildSettings = {
				BUNDLE_LOADER = "$(TEST_HOST)";
				FRAMEWORK_SEARCH_PATHS = (
					"$(SDKROOT)/Developer/Library/Frameworks",
					"$(inherited)",
				);
				GCC_PREPROCESSOR_DEFINITIONS = (
					"DEBUG=1",
					"$(inherited)",
				);
				INFOPLIST_FILE = "day03-ui-loginCode2Tests/Info.plist";
				LD_RUNPATH_SEARCH_PATHS = "$(inherited) @executable_path/Frameworks @loader_path/Frameworks";
				PRODUCT_NAME = "$(TARGET_NAME)";
				TEST_HOST = "$(BUILT_PRODUCTS_DIR)/day03-ui-loginCode2.app/day03-ui-loginCode2";
			};
			name = Debug;
		};
		188555031BA79A7400E70DF9 /* Release */ = {
			isa = XCBuildConfiguration;
			buildSettings = {
				BUNDLE_LOADER = "$(TEST_HOST)";
				FRAMEWORK_SEARCH_PATHS = (
					"$(SDKROOT)/Developer/Library/Frameworks",
					"$(inherited)",
				);
				INFOPLIST_FILE = "day03-ui-loginCode2Tests/Info.plist";
				LD_RUNPATH_SEARCH_PATHS = "$(inherited) @executable_path/Frameworks @loader_path/Frameworks";
				PRODUCT_NAME = "$(TARGET_NAME)";
				TEST_HOST = "$(BUILT_PRODUCTS_DIR)/day03-ui-loginCode2.app/day03-ui-loginCode2";
			};
			name = Release;
		};
/* End XCBuildConfiguration section */

/* Begin XCConfigurationList section */
		188554D61BA79A7400E70DF9 /* Build configuration list for PBXProject "day03-ui-loginCode2" */ = {
			isa = XCConfigurationList;
			buildConfigurations = (
				188554FC1BA79A7400E70DF9 /* Debug */,
				188554FD1BA79A7400E70DF9 /* Release */,
			);
			defaultConfigurationIsVisible = 0;
			defaultConfigurationName = Release;
		};
		188554FE1BA79A7400E70DF9 /* Build configuration list for PBXNativeTarget "day03-ui-loginCode2" */ = {
			isa = XCConfigurationList;
			buildConfigurations = (
				188554FF1BA79A7400E70DF9 /* Debug */,
				188555001BA79A7400E70DF9 /* Release */,
			);
			defaultConfigurationIsVisible = 0;
		};
		188555011BA79A7400E70DF9 /* Build configuration list for PBXNativeTarget "day03-ui-loginCode2Tests" */ = {
			isa = XCConfigurationList;
			buildConfigurations = (
				188555021BA79A7400E70DF9 /* Debug */,
				188555031BA79A7400E70DF9 /* Release */,
			);
			defaultConfigurationIsVisible = 0;
		};
/* End XCConfigurationList section */
	};
	rootObject = 188554D31BA79A7400E70DF9 /* Project object */;
}
